// !$*UTF8*$!
{
	archiveVersion = 1;
	classes = {
	};
	objectVersion = 46;
	objects = {

/* Begin PBXBuildFile section */
		FC41A6BE1F39C15B00E7BE7F /* AppDelegate.swift in Sources */ = {isa = PBXBuildFile; fileRef = FC41A6BD1F39C15B00E7BE7F /* AppDelegate.swift */; };
		FC41A6C21F39C15B00E7BE7F /* Assets.xcassets in Resources */ = {isa = PBXBuildFile; fileRef = FC41A6C11F39C15B00E7BE7F /* Assets.xcassets */; };
		FC41A6C51F39C15B00E7BE7F /* Main.storyboard in Resources */ = {isa = PBXBuildFile; fileRef = FC41A6C31F39C15B00E7BE7F /* Main.storyboard */; };
		FC41A6E81F3B113D00E7BE7F /* TopViewController.swift in Sources */ = {isa = PBXBuildFile; fileRef = FC41A6E71F3B113D00E7BE7F /* TopViewController.swift */; };
		FC41A6EC1F3B145A00E7BE7F /* ThumbsViewController.swift in Sources */ = {isa = PBXBuildFile; fileRef = FC41A6EB1F3B145A00E7BE7F /* ThumbsViewController.swift */; };
		FC41A6EE1F3B149500E7BE7F /* MainViewController.swift in Sources */ = {isa = PBXBuildFile; fileRef = FC41A6ED1F3B149500E7BE7F /* MainViewController.swift */; };
		FC41A6F01F3B176D00E7BE7F /* Gif.swift in Sources */ = {isa = PBXBuildFile; fileRef = FC41A6EF1F3B176D00E7BE7F /* Gif.swift */; };
		FC41A6F21F3B1BCF00E7BE7F /* ImagesManager.swift in Sources */ = {isa = PBXBuildFile; fileRef = FC41A6F11F3B1BCF00E7BE7F /* ImagesManager.swift */; };
		FC41A6F41F3B26E100E7BE7F /* CLI.swift in Sources */ = {isa = PBXBuildFile; fileRef = FC41A6F31F3B26E100E7BE7F /* CLI.swift */; };
		FC41A6F71F3C6EDC00E7BE7F /* benderama.png in Resources */ = {isa = PBXBuildFile; fileRef = FC41A6F61F3C6EDC00E7BE7F /* benderama.png */; };
		FC41A6FA1F400E5E00E7BE7F /* WindowController.swift in Sources */ = {isa = PBXBuildFile; fileRef = FC41A6F91F400E5E00E7BE7F /* WindowController.swift */; };
		FC41A6FD1F40240000E7BE7F /* CollectionViewItem.swift in Sources */ = {isa = PBXBuildFile; fileRef = FC41A6FB1F40240000E7BE7F /* CollectionViewItem.swift */; };
		FC41A6FE1F40240000E7BE7F /* CollectionViewItem.xib in Resources */ = {isa = PBXBuildFile; fileRef = FC41A6FC1F40240000E7BE7F /* CollectionViewItem.xib */; };
		FC41A7001F402E1800E7BE7F /* ThumbImageFile.swift in Sources */ = {isa = PBXBuildFile; fileRef = FC41A6FF1F402E1800E7BE7F /* ThumbImageFile.swift */; };
/* End PBXBuildFile section */

/* Begin PBXFileReference section */
		FC41A6BA1F39C15B00E7BE7F /* Slideshow.app */ = {isa = PBXFileReference; explicitFileType = wrapper.application; includeInIndex = 0; path = Slideshow.app; sourceTree = BUILT_PRODUCTS_DIR; };
		FC41A6BD1F39C15B00E7BE7F /* AppDelegate.swift */ = {isa = PBXFileReference; lastKnownFileType = sourcecode.swift; path = AppDelegate.swift; sourceTree = "<group>"; };
		FC41A6C11F39C15B00E7BE7F /* Assets.xcassets */ = {isa = PBXFileReference; lastKnownFileType = folder.assetcatalog; path = Assets.xcassets; sourceTree = "<group>"; };
		FC41A6C41F39C15B00E7BE7F /* Base */ = {isa = PBXFileReference; lastKnownFileType = file.storyboard; name = Base; path = Base.lproj/Main.storyboard; sourceTree = "<group>"; };
		FC41A6C61F39C15B00E7BE7F /* Info.plist */ = {isa = PBXFileReference; lastKnownFileType = text.plist.xml; path = Info.plist; sourceTree = "<group>"; };
		FC41A6E71F3B113D00E7BE7F /* TopViewController.swift */ = {isa = PBXFileReference; fileEncoding = 4; lastKnownFileType = sourcecode.swift; path = TopViewController.swift; sourceTree = "<group>"; };
		FC41A6EB1F3B145A00E7BE7F /* ThumbsViewController.swift */ = {isa = PBXFileReference; fileEncoding = 4; lastKnownFileType = sourcecode.swift; path = ThumbsViewController.swift; sourceTree = "<group>"; };
		FC41A6ED1F3B149500E7BE7F /* MainViewController.swift */ = {isa = PBXFileReference; fileEncoding = 4; lastKnownFileType = sourcecode.swift; path = MainViewController.swift; sourceTree = "<group>"; };
		FC41A6EF1F3B176D00E7BE7F /* Gif.swift */ = {isa = PBXFileReference; fileEncoding = 4; lastKnownFileType = sourcecode.swift; path = Gif.swift; sourceTree = "<group>"; };
		FC41A6F11F3B1BCF00E7BE7F /* ImagesManager.swift */ = {isa = PBXFileReference; fileEncoding = 4; lastKnownFileType = sourcecode.swift; path = ImagesManager.swift; sourceTree = "<group>"; };
		FC41A6F31F3B26E100E7BE7F /* CLI.swift */ = {isa = PBXFileReference; fileEncoding = 4; lastKnownFileType = sourcecode.swift; path = CLI.swift; sourceTree = "<group>"; };
		FC41A6F61F3C6EDC00E7BE7F /* benderama.png */ = {isa = PBXFileReference; lastKnownFileType = image.png; path = benderama.png; sourceTree = "<group>"; };
		FC41A6F91F400E5E00E7BE7F /* WindowController.swift */ = {isa = PBXFileReference; fileEncoding = 4; lastKnownFileType = sourcecode.swift; path = WindowController.swift; sourceTree = "<group>"; };
		FC41A6FB1F40240000E7BE7F /* CollectionViewItem.swift */ = {isa = PBXFileReference; fileEncoding = 4; lastKnownFileType = sourcecode.swift; path = CollectionViewItem.swift; sourceTree = "<group>"; };
		FC41A6FC1F40240000E7BE7F /* CollectionViewItem.xib */ = {isa = PBXFileReference; fileEncoding = 4; lastKnownFileType = file.xib; path = CollectionViewItem.xib; sourceTree = "<group>"; };
		FC41A6FF1F402E1800E7BE7F /* ThumbImageFile.swift */ = {isa = PBXFileReference; fileEncoding = 4; lastKnownFileType = sourcecode.swift; path = ThumbImageFile.swift; sourceTree = "<group>"; };
/* End PBXFileReference section */

/* Begin PBXFrameworksBuildPhase section */
		FC41A6B71F39C15B00E7BE7F /* Frameworks */ = {
			isa = PBXFrameworksBuildPhase;
			buildActionMask = 2147483647;
			files = (
			);
			runOnlyForDeploymentPostprocessing = 0;
		};
/* End PBXFrameworksBuildPhase section */

/* Begin PBXGroup section */
		FC41A6B11F39C15B00E7BE7F = {
			isa = PBXGroup;
			children = (
				FC41A6BC1F39C15B00E7BE7F /* Slideshow */,
				FC41A6BB1F39C15B00E7BE7F /* Products */,
			);
			sourceTree = "<group>";
		};
		FC41A6BB1F39C15B00E7BE7F /* Products */ = {
			isa = PBXGroup;
			children = (
				FC41A6BA1F39C15B00E7BE7F /* Slideshow.app */,
			);
			name = Products;
			sourceTree = "<group>";
		};
		FC41A6BC1F39C15B00E7BE7F /* Slideshow */ = {
			isa = PBXGroup;
			children = (
				FC41A6BD1F39C15B00E7BE7F /* AppDelegate.swift */,
				FC41A6F91F400E5E00E7BE7F /* WindowController.swift */,
				FC41A6E71F3B113D00E7BE7F /* TopViewController.swift */,
				FC41A6ED1F3B149500E7BE7F /* MainViewController.swift */,
				FC41A6EB1F3B145A00E7BE7F /* ThumbsViewController.swift */,
				FC41A6FB1F40240000E7BE7F /* CollectionViewItem.swift */,
				FC41A6C11F39C15B00E7BE7F /* Assets.xcassets */,
				FC41A6C31F39C15B00E7BE7F /* Main.storyboard */,
				FC41A6FC1F40240000E7BE7F /* CollectionViewItem.xib */,
				FC41A6EF1F3B176D00E7BE7F /* Gif.swift */,
				FC41A6FF1F402E1800E7BE7F /* ThumbImageFile.swift */,
				FC41A6F11F3B1BCF00E7BE7F /* ImagesManager.swift */,
				FC41A6F31F3B26E100E7BE7F /* CLI.swift */,
				FC41A6C61F39C15B00E7BE7F /* Info.plist */,
				FC41A6F61F3C6EDC00E7BE7F /* benderama.png */,
			);
			path = Slideshow;
			sourceTree = "<group>";
		};
/* End PBXGroup section */

/* Begin PBXNativeTarget section */
		FC41A6B91F39C15B00E7BE7F /* Slideshow */ = {
			isa = PBXNativeTarget;
			buildConfigurationList = FC41A6C91F39C15B00E7BE7F /* Build configuration list for PBXNativeTarget "Slideshow" */;
			buildPhases = (
				FC41A6B61F39C15B00E7BE7F /* Sources */,
				FC41A6B71F39C15B00E7BE7F /* Frameworks */,
				FC41A6B81F39C15B00E7BE7F /* Resources */,
			);
			buildRules = (
			);
			dependencies = (
			);
			name = Slideshow;
			productName = Slideshow;
			productReference = FC41A6BA1F39C15B00E7BE7F /* Slideshow.app */;
			productType = "com.apple.product-type.application";
		};
/* End PBXNativeTarget section */

/* Begin PBXProject section */
		FC41A6B21F39C15B00E7BE7F /* Project object */ = {
			isa = PBXProject;
			attributes = {
				LastSwiftUpdateCheck = 0830;
				LastUpgradeCheck = 0830;
				ORGANIZATIONNAME = "David Rogers";
				TargetAttributes = {
					FC41A6B91F39C15B00E7BE7F = {
						CreatedOnToolsVersion = 8.3.3;
						DevelopmentTeam = 2R577Z8998;
						ProvisioningStyle = Automatic;
					};
				};
			};
			buildConfigurationList = FC41A6B51F39C15B00E7BE7F /* Build configuration list for PBXProject "Slideshow" */;
			compatibilityVersion = "Xcode 3.2";
			developmentRegion = English;
			hasScannedForEncodings = 0;
			knownRegions = (
				en,
				Base,
			);
			mainGroup = FC41A6B11F39C15B00E7BE7F;
			productRefGroup = FC41A6BB1F39C15B00E7BE7F /* Products */;
			projectDirPath = "";
			projectRoot = "";
			targets = (
				FC41A6B91F39C15B00E7BE7F /* Slideshow */,
			);
		};
/* End PBXProject section */

/* Begin PBXResourcesBuildPhase section */
		FC41A6B81F39C15B00E7BE7F /* Resources */ = {
			isa = PBXResourcesBuildPhase;
			buildActionMask = 2147483647;
			files = (
				FC41A6C21F39C15B00E7BE7F /* Assets.xcassets in Resources */,
				FC41A6FE1F40240000E7BE7F /* CollectionViewItem.xib in Resources */,
				FC41A6F71F3C6EDC00E7BE7F /* benderama.png in Resources */,
				FC41A6C51F39C15B00E7BE7F /* Main.storyboard in Resources */,
			);
			runOnlyForDeploymentPostprocessing = 0;
		};
/* End PBXResourcesBuildPhase section */

/* Begin PBXSourcesBuildPhase section */
		FC41A6B61F39C15B00E7BE7F /* Sources */ = {
			isa = PBXSourcesBuildPhase;
			buildActionMask = 2147483647;
			files = (
				FC41A6E81F3B113D00E7BE7F /* TopViewController.swift in Sources */,
				FC41A6BE1F39C15B00E7BE7F /* AppDelegate.swift in Sources */,
				FC41A6FD1F40240000E7BE7F /* CollectionViewItem.swift in Sources */,
				FC41A6EC1F3B145A00E7BE7F /* ThumbsViewController.swift in Sources */,
				FC41A6F21F3B1BCF00E7BE7F /* ImagesManager.swift in Sources */,
				FC41A6EE1F3B149500E7BE7F /* MainViewController.swift in Sources */,
				FC41A6FA1F400E5E00E7BE7F /* WindowController.swift in Sources */,
				FC41A6F41F3B26E100E7BE7F /* CLI.swift in Sources */,
				FC41A7001F402E1800E7BE7F /* ThumbImageFile.swift in Sources */,
				FC41A6F01F3B176D00E7BE7F /* Gif.swift in Sources */,
			);
			runOnlyForDeploymentPostprocessing = 0;
		};
/* End PBXSourcesBuildPhase section */

/* Begin PBXVariantGroup section */
		FC41A6C31F39C15B00E7BE7F /* Main.storyboard */ = {
			isa = PBXVariantGroup;
			children = (
				FC41A6C41F39C15B00E7BE7F /* Base */,
			);
			name = Main.storyboard;
			sourceTree = "<group>";
		};
/* End PBXVariantGroup section */

/* Begin XCBuildConfiguration section */
		FC41A6C71F39C15B00E7BE7F /* Debug */ = {
			isa = XCBuildConfiguration;
			buildSettings = {
				ALWAYS_SEARCH_USER_PATHS = NO;
				CLANG_ANALYZER_NONNULL = YES;
				CLANG_ANALYZER_NUMBER_OBJECT_CONVERSION = YES_AGGRESSIVE;
				CLANG_CXX_LANGUAGE_STANDARD = "gnu++0x";
				CLANG_CXX_LIBRARY = "libc++";
				CLANG_ENABLE_MODULES = YES;
				CLANG_ENABLE_OBJC_ARC = YES;
				CLANG_WARN_BOOL_CONVERSION = YES;
				CLANG_WARN_CONSTANT_CONVERSION = YES;
				CLANG_WARN_DIRECT_OBJC_ISA_USAGE = YES_ERROR;
				CLANG_WARN_DOCUMENTATION_COMMENTS = YES;
				CLANG_WARN_EMPTY_BODY = YES;
				CLANG_WARN_ENUM_CONVERSION = YES;
				CLANG_WARN_INFINITE_RECURSION = YES;
				CLANG_WARN_INT_CONVERSION = YES;
				CLANG_WARN_OBJC_ROOT_CLASS = YES_ERROR;
				CLANG_WARN_SUSPICIOUS_MOVE = YES;
				CLANG_WARN_UNREACHABLE_CODE = YES;
				CLANG_WARN__DUPLICATE_METHOD_MATCH = YES;
				CODE_SIGN_IDENTITY = "-";
				COPY_PHASE_STRIP = NO;
				DEBUG_INFORMATION_FORMAT = dwarf;
				ENABLE_STRICT_OBJC_MSGSEND = YES;
				ENABLE_TESTABILITY = YES;
				GCC_C_LANGUAGE_STANDARD = gnu99;
				GCC_DYNAMIC_NO_PIC = NO;
				GCC_NO_COMMON_BLOCKS = YES;
				GCC_OPTIMIZATION_LEVEL = 0;
				GCC_PREPROCESSOR_DEFINITIONS = (
					"DEBUG=1",
					"$(inherited)",
				);
				GCC_WARN_64_TO_32_BIT_CONVERSION = YES;
				GCC_WARN_ABOUT_RETURN_TYPE = YES_ERROR;
				GCC_WARN_UNDECLARED_SELECTOR = YES;
				GCC_WARN_UNINITIALIZED_AUTOS = YES_AGGRESSIVE;
				GCC_WARN_UNUSED_FUNCTION = YES;
				GCC_WARN_UNUSED_VARIABLE = YES;
				MACOSX_DEPLOYMENT_TARGET = 10.12;
				MTL_ENABLE_DEBUG_INFO = YES;
				ONLY_ACTIVE_ARCH = YES;
				SDKROOT = macosx;
				SWIFT_ACTIVE_COMPILATION_CONDITIONS = DEBUG;
				SWIFT_OPTIMIZATION_LEVEL = "-Onone";
			};
			name = Debug;
		};
		FC41A6C81F39C15B00E7BE7F /* Release */ = {
			isa = XCBuildConfiguration;
			buildSettings = {
				ALWAYS_SEARCH_USER_PATHS = NO;
				CLANG_ANALYZER_NONNULL = YES;
				CLANG_ANALYZER_NUMBER_OBJECT_CONVERSION = YES_AGGRESSIVE;
				CLANG_CXX_LANGUAGE_STANDARD = "gnu++0x";
				CLANG_CXX_LIBRARY = "libc++";
				CLANG_ENABLE_MODULES = YES;
				CLANG_ENABLE_OBJC_ARC = YES;
				CLANG_WARN_BOOL_CONVERSION = YES;
				CLANG_WARN_CONSTANT_CONVERSION = YES;
				CLANG_WARN_DIRECT_OBJC_ISA_USAGE = YES_ERROR;
				CLANG_WARN_DOCUMENTATION_COMMENTS = YES;
				CLANG_WARN_EMPTY_BODY = YES;
				CLANG_WARN_ENUM_CONVERSION = YES;
				CLANG_WARN_INFINITE_RECURSION = YES;
				CLANG_WARN_INT_CONVERSION = YES;
				CLANG_WARN_OBJC_ROOT_CLASS = YES_ERROR;
				CLANG_WARN_SUSPICIOUS_MOVE = YES;
				CLANG_WARN_UNREACHABLE_CODE = YES;
				CLANG_WARN__DUPLICATE_METHOD_MATCH = YES;
				CODE_SIGN_IDENTITY = "-";
				COPY_PHASE_STRIP = NO;
				DEBUG_INFORMATION_FORMAT = "dwarf-with-dsym";
				ENABLE_NS_ASSERTIONS = NO;
				ENABLE_STRICT_OBJC_MSGSEND = YES;
				GCC_C_LANGUAGE_STANDARD = gnu99;
				GCC_NO_COMMON_BLOCKS = YES;
				GCC_WARN_64_TO_32_BIT_CONVERSION = YES;
				GCC_WARN_ABOUT_RETURN_TYPE = YES_ERROR;
				GCC_WARN_UNDECLARED_SELECTOR = YES;
				GCC_WARN_UNINITIALIZED_AUTOS = YES_AGGRESSIVE;
				GCC_WARN_UNUSED_FUNCTION = YES;
				GCC_WARN_UNUSED_VARIABLE = YES;
				MACOSX_DEPLOYMENT_TARGET = 10.12;
				MTL_ENABLE_DEBUG_INFO = NO;
				SDKROOT = macosx;
				SWIFT_OPTIMIZATION_LEVEL = "-Owholemodule";
			};
			name = Release;
		};
		FC41A6CA1F39C15B00E7BE7F /* Debug */ = {
			isa = XCBuildConfiguration;
			buildSettings = {
				ASSETCATALOG_COMPILER_APPICON_NAME = AppIcon;
				COMBINE_HIDPI_IMAGES = YES;
				DEVELOPMENT_TEAM = 2R577Z8998;
				INFOPLIST_FILE = Slideshow/Info.plist;
				LD_RUNPATH_SEARCH_PATHS = "$(inherited) @executable_path/../Frameworks";
				PRODUCT_BUNDLE_IDENTIFIER = us.drogers.Slideshow;
				PRODUCT_NAME = "$(TARGET_NAME)";
				SWIFT_VERSION = 3.0;
			};
			name = Debug;
		};
		FC41A6CB1F39C15B00E7BE7F /* Release */ = {
			isa = XCBuildConfiguration;
			buildSettings = {
				ASSETCATALOG_COMPILER_APPICON_NAME = AppIcon;
				COMBINE_HIDPI_IMAGES = YES;
				DEVELOPMENT_TEAM = 2R577Z8998;
				INFOPLIST_FILE = Slideshow/Info.plist;
				LD_RUNPATH_SEARCH_PATHS = "$(inherited) @executable_path/../Frameworks";
				PRODUCT_BUNDLE_IDENTIFIER = us.drogers.Slideshow;
				PRODUCT_NAME = "$(TARGET_NAME)";
				SWIFT_VERSION = 3.0;
			};
			name = Release;
		};
/* End XCBuildConfiguration section */

/* Begin XCConfigurationList section */
		FC41A6B51F39C15B00E7BE7F /* Build configuration list for PBXProject "Slideshow" */ = {
			isa = XCConfigurationList;
			buildConfigurations = (
				FC41A6C71F39C15B00E7BE7F /* Debug */,
				FC41A6C81F39C15B00E7BE7F /* Release */,
			);
			defaultConfigurationIsVisible = 0;
			defaultConfigurationName = Release;
		};
		FC41A6C91F39C15B00E7BE7F /* Build configuration list for PBXNativeTarget "Slideshow" */ = {
			isa = XCConfigurationList;
			buildConfigurations = (
				FC41A6CA1F39C15B00E7BE7F /* Debug */,
				FC41A6CB1F39C15B00E7BE7F /* Release */,
			);
			defaultConfigurationIsVisible = 0;
			defaultConfigurationName = Release;
		};
/* End XCConfigurationList section */
	};
	rootObject = FC41A6B21F39C15B00E7BE7F /* Project object */;
}

